Microsoft Visual Studio Solution File, Format Version 12.00
# Visual Studio Version 17
VisualStudioVersion = 17.5.2.0
MinimumVisualStudioVersion = 10.0.40219.1
Project("{FAE04EC0-301F-11D3-BF4B-00C04F79EFBC}") = "ESCleaner", "ESCleaner.csproj", "{3E403365-5F53-B1E5-EF29-22F5854A4483}"
EndProject
Global
	GlobalSection(SolutionConfigurationPlatforms) = preSolution
		Debug|Any CPU = Debug|Any CPU
		Release|Any CPU = Release|Any CPU
	EndGlobalSection
	GlobalSection(ProjectConfigurationPlatforms) = postSolution
		{3E403365-5F53-B1E5-EF29-22F5854A4483}.Debug|Any CPU.ActiveCfg = Debug|Any CPU
		{3E403365-5F53-B1E5-EF29-22F5854A4483}.Debug|Any CPU.Build.0 = Debug|Any CPU
		{3E403365-5F53-B1E5-EF29-22F5854A4483}.Release|Any CPU.ActiveCfg = Release|Any CPU
		{3E403365-5F53-B1E5-EF29-22F5854A4483}.Release|Any CPU.Build.0 = Release|Any CPU
	EndGlobalSection
	GlobalSection(SolutionProperties) = preSolution
		HideSolutionNode = FALSE
	EndGlobalSection
	GlobalSection(ExtensibilityGlobals) = postSolution
		SolutionGuid = {0C78BE11-2CDE-4812-AD5E-0D6B4CED3CE1}
	EndGlobalSection
EndGlobal
